
Microsoft Visual Studio Solution File, Format Version 12.00
# Visual Studio Version 16
VisualStudioVersion = 16.0.30621.155
MinimumVisualStudioVersion = 10.0.40219.1
Project("{FAE04EC0-301F-11D3-BF4B-00C04F79EFBC}") = "Baldwin-ASG5-Population", "Baldwin-ASG5-Population.csproj", "{DF3E1865-5B65-453A-BB90-2361C8FDF475}"
EndProject
Global
	GlobalSection(SolutionConfigurationPlatforms) = preSolution
		Debug|Any CPU = Debug|Any CPU
		Release|Any CPU = Release|Any CPU
	EndGlobalSection
	GlobalSection(ProjectConfigurationPlatforms) = postSolution
		{DF3E1865-5B65-453A-BB90-2361C8FDF475}.Debug|Any CPU.ActiveCfg = Debug|Any CPU
		{DF3E1865-5B65-453A-BB90-2361C8FDF475}.Debug|Any CPU.Build.0 = Debug|Any CPU
		{DF3E1865-5B65-453A-BB90-2361C8FDF475}.Release|Any CPU.ActiveCfg = Release|Any CPU
		{DF3E1865-5B65-453A-BB90-2361C8FDF475}.Release|Any CPU.Build.0 = Release|Any CPU
	EndGlobalSection
	GlobalSection(SolutionProperties) = preSolution
		HideSolutionNode = FALSE
	EndGlobalSection
	GlobalSection(ExtensibilityGlobals) = postSolution
		SolutionGuid = {13352974-2E2F-4189-8F95-0AA4C6A048C1}
	EndGlobalSection
EndGlobal
